// !$*UTF8*$!
{
	archiveVersion = 1;
	classes = {
	};
	objectVersion = 55;
	objects = {

/* Begin PBXBuildFile section */
		8B16D9C32C413C2000CD7E39 /* BuyView.swift in Sources */ = {isa = PBXBuildFile; fileRef = 8B16D9C22C413C2000CD7E39 /* BuyView.swift */; };
		8B73F21E2C3FF87600E09309 /* PlanView.swift in Sources */ = {isa = PBXBuildFile; fileRef = 8B73F21D2C3FF87600E09309 /* PlanView.swift */; };
		8B73F2202C3FF88900E09309 /* EventsView.swift in Sources */ = {isa = PBXBuildFile; fileRef = 8B73F21F2C3FF88900E09309 /* EventsView.swift */; };
		8B801AE92C4530FD001D0E5F /* PlanMapView.swift in Sources */ = {isa = PBXBuildFile; fileRef = 8B801AE82C4530FC001D0E5F /* PlanMapView.swift */; };
		8B801AED2C453164001D0E5F /* HomePageView.swift in Sources */ = {isa = PBXBuildFile; fileRef = 8B801AEC2C453164001D0E5F /* HomePageView.swift */; };
		8B801AEF2C453323001D0E5F /* WalletView.swift in Sources */ = {isa = PBXBuildFile; fileRef = 8B801AEE2C453323001D0E5F /* WalletView.swift */; };
		8B8941582C3D056E00AF168E /* GoPassApp.swift in Sources */ = {isa = PBXBuildFile; fileRef = 8B8941572C3D056E00AF168E /* GoPassApp.swift */; };
		8B89415A2C3D056E00AF168E /* ContentView.swift in Sources */ = {isa = PBXBuildFile; fileRef = 8B8941592C3D056E00AF168E /* ContentView.swift */; };
		8B89415C2C3D057000AF168E /* Assets.xcassets in Resources */ = {isa = PBXBuildFile; fileRef = 8B89415B2C3D057000AF168E /* Assets.xcassets */; };
		8B89415F2C3D057000AF168E /* Preview Assets.xcassets in Resources */ = {isa = PBXBuildFile; fileRef = 8B89415E2C3D057000AF168E /* Preview Assets.xcassets */; };
		8B8941692C3D057000AF168E /* GoPassTests.swift in Sources */ = {isa = PBXBuildFile; fileRef = 8B8941682C3D057000AF168E /* GoPassTests.swift */; };
		8B8941732C3D057000AF168E /* GoPassUITests.swift in Sources */ = {isa = PBXBuildFile; fileRef = 8B8941722C3D057000AF168E /* GoPassUITests.swift */; };
		8B8941752C3D057000AF168E /* GoPassUITestsLaunchTests.swift in Sources */ = {isa = PBXBuildFile; fileRef = 8B8941742C3D057000AF168E /* GoPassUITestsLaunchTests.swift */; };
		8B8941822C3D05D700AF168E /* HeaderView.swift in Sources */ = {isa = PBXBuildFile; fileRef = 8B8941812C3D05D700AF168E /* HeaderView.swift */; };
		8B8941842C3D21FA00AF168E /* TicketsTabView.swift in Sources */ = {isa = PBXBuildFile; fileRef = 8B8941832C3D21FA00AF168E /* TicketsTabView.swift */; };
		8B8941862C3D22C900AF168E /* UnusedTicketCardView.swift in Sources */ = {isa = PBXBuildFile; fileRef = 8B8941852C3D22C900AF168E /* UnusedTicketCardView.swift */; };
		8B8941882C3D239600AF168E /* TabButtonView.swift in Sources */ = {isa = PBXBuildFile; fileRef = 8B8941872C3D239600AF168E /* TabButtonView.swift */; };
		8B89418A2C3D346900AF168E /* SuggestedTicketCardView.swift in Sources */ = {isa = PBXBuildFile; fileRef = 8B8941892C3D346900AF168E /* SuggestedTicketCardView.swift */; };
		8B89418C2C3D377B00AF168E /* UpcomingEventView.swift in Sources */ = {isa = PBXBuildFile; fileRef = 8B89418B2C3D377B00AF168E /* UpcomingEventView.swift */; };
		8BAE9B4A2C457910000D101B /* HomeTabView.swift in Sources */ = {isa = PBXBuildFile; fileRef = 8BAE9B492C457910000D101B /* HomeTabView.swift */; };
		8BAE9B4C2C47ABA4000D101B /* CustomTabView.swift in Sources */ = {isa = PBXBuildFile; fileRef = 8BAE9B4B2C47ABA4000D101B /* CustomTabView.swift */; };
		8BAE9B4E2C47AEE2000D101B /* CustomTabBarController.swift in Sources */ = {isa = PBXBuildFile; fileRef = 8BAE9B4D2C47AEE2000D101B /* CustomTabBarController.swift */; };
		ADCC34162C3E7F6500F2E425 /* ReportView.swift in Sources */ = {isa = PBXBuildFile; fileRef = ADCC34152C3E7F6500F2E425 /* ReportView.swift */; };
		ADCC34182C3E7FA500F2E425 /* NearestView.swift in Sources */ = {isa = PBXBuildFile; fileRef = ADCC34172C3E7FA500F2E425 /* NearestView.swift */; };
		ADCC341A2C3E7FB700F2E425 /* FooterView.swift in Sources */ = {isa = PBXBuildFile; fileRef = ADCC34192C3E7FB700F2E425 /* FooterView.swift */; };
/* End PBXBuildFile section */

/* Begin PBXContainerItemProxy section */
		8B8941652C3D057000AF168E /* PBXContainerItemProxy */ = {
			isa = PBXContainerItemProxy;
			containerPortal = 8B89414C2C3D056E00AF168E /* Project object */;
			proxyType = 1;
			remoteGlobalIDString = 8B8941532C3D056E00AF168E;
			remoteInfo = GoPass;
		};
		8B89416F2C3D057000AF168E /* PBXContainerItemProxy */ = {
			isa = PBXContainerItemProxy;
			containerPortal = 8B89414C2C3D056E00AF168E /* Project object */;
			proxyType = 1;
			remoteGlobalIDString = 8B8941532C3D056E00AF168E;
			remoteInfo = GoPass;
		};
/* End PBXContainerItemProxy section */

/* Begin PBXFileReference section */
		8B16D9C22C413C2000CD7E39 /* BuyView.swift */ = {isa = PBXFileReference; lastKnownFileType = sourcecode.swift; path = BuyView.swift; sourceTree = "<group>"; };
		8B73F21D2C3FF87600E09309 /* PlanView.swift */ = {isa = PBXFileReference; lastKnownFileType = sourcecode.swift; path = PlanView.swift; sourceTree = "<group>"; };
		8B73F21F2C3FF88900E09309 /* EventsView.swift */ = {isa = PBXFileReference; lastKnownFileType = sourcecode.swift; path = EventsView.swift; sourceTree = "<group>"; };
		8B801AE82C4530FC001D0E5F /* PlanMapView.swift */ = {isa = PBXFileReference; lastKnownFileType = sourcecode.swift; path = PlanMapView.swift; sourceTree = "<group>"; };
		8B801AEC2C453164001D0E5F /* HomePageView.swift */ = {isa = PBXFileReference; lastKnownFileType = sourcecode.swift; path = HomePageView.swift; sourceTree = "<group>"; };
		8B801AEE2C453323001D0E5F /* WalletView.swift */ = {isa = PBXFileReference; lastKnownFileType = sourcecode.swift; path = WalletView.swift; sourceTree = "<group>"; };
		8B8941542C3D056E00AF168E /* GoPass.app */ = {isa = PBXFileReference; explicitFileType = wrapper.application; includeInIndex = 0; path = GoPass.app; sourceTree = BUILT_PRODUCTS_DIR; };
		8B8941572C3D056E00AF168E /* GoPassApp.swift */ = {isa = PBXFileReference; lastKnownFileType = sourcecode.swift; path = GoPassApp.swift; sourceTree = "<group>"; };
		8B8941592C3D056E00AF168E /* ContentView.swift */ = {isa = PBXFileReference; lastKnownFileType = sourcecode.swift; path = ContentView.swift; sourceTree = "<group>"; };
		8B89415B2C3D057000AF168E /* Assets.xcassets */ = {isa = PBXFileReference; lastKnownFileType = folder.assetcatalog; path = Assets.xcassets; sourceTree = "<group>"; };
		8B89415E2C3D057000AF168E /* Preview Assets.xcassets */ = {isa = PBXFileReference; lastKnownFileType = folder.assetcatalog; path = "Preview Assets.xcassets"; sourceTree = "<group>"; };
		8B8941642C3D057000AF168E /* GoPassTests.xctest */ = {isa = PBXFileReference; explicitFileType = wrapper.cfbundle; includeInIndex = 0; path = GoPassTests.xctest; sourceTree = BUILT_PRODUCTS_DIR; };
		8B8941682C3D057000AF168E /* GoPassTests.swift */ = {isa = PBXFileReference; lastKnownFileType = sourcecode.swift; path = GoPassTests.swift; sourceTree = "<group>"; };
		8B89416E2C3D057000AF168E /* GoPassUITests.xctest */ = {isa = PBXFileReference; explicitFileType = wrapper.cfbundle; includeInIndex = 0; path = GoPassUITests.xctest; sourceTree = BUILT_PRODUCTS_DIR; };
		8B8941722C3D057000AF168E /* GoPassUITests.swift */ = {isa = PBXFileReference; lastKnownFileType = sourcecode.swift; path = GoPassUITests.swift; sourceTree = "<group>"; };
		8B8941742C3D057000AF168E /* GoPassUITestsLaunchTests.swift */ = {isa = PBXFileReference; lastKnownFileType = sourcecode.swift; path = GoPassUITestsLaunchTests.swift; sourceTree = "<group>"; };
		8B8941812C3D05D700AF168E /* HeaderView.swift */ = {isa = PBXFileReference; lastKnownFileType = sourcecode.swift; path = HeaderView.swift; sourceTree = "<group>"; };
		8B8941832C3D21FA00AF168E /* TicketsTabView.swift */ = {isa = PBXFileReference; lastKnownFileType = sourcecode.swift; path = TicketsTabView.swift; sourceTree = "<group>"; };
		8B8941852C3D22C900AF168E /* UnusedTicketCardView.swift */ = {isa = PBXFileReference; lastKnownFileType = sourcecode.swift; path = UnusedTicketCardView.swift; sourceTree = "<group>"; };
		8B8941872C3D239600AF168E /* TabButtonView.swift */ = {isa = PBXFileReference; lastKnownFileType = sourcecode.swift; path = TabButtonView.swift; sourceTree = "<group>"; };
		8B8941892C3D346900AF168E /* SuggestedTicketCardView.swift */ = {isa = PBXFileReference; lastKnownFileType = sourcecode.swift; path = SuggestedTicketCardView.swift; sourceTree = "<group>"; };
		8B89418B2C3D377B00AF168E /* UpcomingEventView.swift */ = {isa = PBXFileReference; lastKnownFileType = sourcecode.swift; path = UpcomingEventView.swift; sourceTree = "<group>"; };
		8BAE9B492C457910000D101B /* HomeTabView.swift */ = {isa = PBXFileReference; lastKnownFileType = sourcecode.swift; path = HomeTabView.swift; sourceTree = "<group>"; };
		8BAE9B4B2C47ABA4000D101B /* CustomTabView.swift */ = {isa = PBXFileReference; lastKnownFileType = sourcecode.swift; path = CustomTabView.swift; sourceTree = "<group>"; };
		8BAE9B4D2C47AEE2000D101B /* CustomTabBarController.swift */ = {isa = PBXFileReference; lastKnownFileType = sourcecode.swift; name = CustomTabBarController.swift; path = GoPass/CustomTabBarController.swift; sourceTree = "<group>"; };
		ADCC34152C3E7F6500F2E425 /* ReportView.swift */ = {isa = PBXFileReference; lastKnownFileType = sourcecode.swift; path = ReportView.swift; sourceTree = "<group>"; };
		ADCC34172C3E7FA500F2E425 /* NearestView.swift */ = {isa = PBXFileReference; lastKnownFileType = sourcecode.swift; path = NearestView.swift; sourceTree = "<group>"; };
		ADCC34192C3E7FB700F2E425 /* FooterView.swift */ = {isa = PBXFileReference; lastKnownFileType = sourcecode.swift; path = FooterView.swift; sourceTree = "<group>"; };
/* End PBXFileReference section */

/* Begin PBXFrameworksBuildPhase section */
		8B8941512C3D056E00AF168E /* Frameworks */ = {
			isa = PBXFrameworksBuildPhase;
			buildActionMask = 2147483647;
			files = (
			);
			runOnlyForDeploymentPostprocessing = 0;
		};
		8B8941612C3D057000AF168E /* Frameworks */ = {
			isa = PBXFrameworksBuildPhase;
			buildActionMask = 2147483647;
			files = (
			);
			runOnlyForDeploymentPostprocessing = 0;
		};
		8B89416B2C3D057000AF168E /* Frameworks */ = {
			isa = PBXFrameworksBuildPhase;
			buildActionMask = 2147483647;
			files = (
			);
			runOnlyForDeploymentPostprocessing = 0;
		};
/* End PBXFrameworksBuildPhase section */

/* Begin PBXGroup section */
		8B89414B2C3D056E00AF168E = {
			isa = PBXGroup;
			children = (
				8BAE9B4D2C47AEE2000D101B /* CustomTabBarController.swift */,
				8B8941562C3D056E00AF168E /* GoPass */,
				8B8941672C3D057000AF168E /* GoPassTests */,
				8B8941712C3D057000AF168E /* GoPassUITests */,
				8B8941552C3D056E00AF168E /* Products */,
			);
			sourceTree = "<group>";
		};
		8B8941552C3D056E00AF168E /* Products */ = {
			isa = PBXGroup;
			children = (
				8B8941542C3D056E00AF168E /* GoPass.app */,
				8B8941642C3D057000AF168E /* GoPassTests.xctest */,
				8B89416E2C3D057000AF168E /* GoPassUITests.xctest */,
			);
			name = Products;
			sourceTree = "<group>";
		};
		8B8941562C3D056E00AF168E /* GoPass */ = {
			isa = PBXGroup;
			children = (
				8B8941572C3D056E00AF168E /* GoPassApp.swift */,
				8B8941592C3D056E00AF168E /* ContentView.swift */,
				8B89415B2C3D057000AF168E /* Assets.xcassets */,
				8B89415D2C3D057000AF168E /* Preview Content */,
				8B8941812C3D05D700AF168E /* HeaderView.swift */,
				8B8941832C3D21FA00AF168E /* TicketsTabView.swift */,
				8B8941852C3D22C900AF168E /* UnusedTicketCardView.swift */,
				8B8941872C3D239600AF168E /* TabButtonView.swift */,
				8B8941892C3D346900AF168E /* SuggestedTicketCardView.swift */,
				8B89418B2C3D377B00AF168E /* UpcomingEventView.swift */,
				ADCC34152C3E7F6500F2E425 /* ReportView.swift */,
				ADCC34172C3E7FA500F2E425 /* NearestView.swift */,
				ADCC34192C3E7FB700F2E425 /* FooterView.swift */,
				8B73F21D2C3FF87600E09309 /* PlanView.swift */,
				8B73F21F2C3FF88900E09309 /* EventsView.swift */,
				8B16D9C22C413C2000CD7E39 /* BuyView.swift */,
				8B801AE82C4530FC001D0E5F /* PlanMapView.swift */,
				8B801AEC2C453164001D0E5F /* HomePageView.swift */,
				8B801AEE2C453323001D0E5F /* WalletView.swift */,
				8BAE9B492C457910000D101B /* HomeTabView.swift */,
				8BAE9B4B2C47ABA4000D101B /* CustomTabView.swift */,
			);
			path = GoPass;
			sourceTree = "<group>";
		};
		8B89415D2C3D057000AF168E /* Preview Content */ = {
			isa = PBXGroup;
			children = (
				8B89415E2C3D057000AF168E /* Preview Assets.xcassets */,
			);
			path = "Preview Content";
			sourceTree = "<group>";
		};
		8B8941672C3D057000AF168E /* GoPassTests */ = {
			isa = PBXGroup;
			children = (
				8B8941682C3D057000AF168E /* GoPassTests.swift */,
			);
			path = GoPassTests;
			sourceTree = "<group>";
		};
		8B8941712C3D057000AF168E /* GoPassUITests */ = {
			isa = PBXGroup;
			children = (
				8B8941722C3D057000AF168E /* GoPassUITests.swift */,
				8B8941742C3D057000AF168E /* GoPassUITestsLaunchTests.swift */,
			);
			path = GoPassUITests;
			sourceTree = "<group>";
		};
/* End PBXGroup section */

/* Begin PBXNativeTarget section */
		8B8941532C3D056E00AF168E /* GoPass */ = {
			isa = PBXNativeTarget;
			buildConfigurationList = 8B8941782C3D057000AF168E /* Build configuration list for PBXNativeTarget "GoPass" */;
			buildPhases = (
				8B8941502C3D056E00AF168E /* Sources */,
				8B8941512C3D056E00AF168E /* Frameworks */,
				8B8941522C3D056E00AF168E /* Resources */,
			);
			buildRules = (
			);
			dependencies = (
			);
			name = GoPass;
			productName = GoPass;
			productReference = 8B8941542C3D056E00AF168E /* GoPass.app */;
			productType = "com.apple.product-type.application";
		};
		8B8941632C3D057000AF168E /* GoPassTests */ = {
			isa = PBXNativeTarget;
			buildConfigurationList = 8B89417B2C3D057000AF168E /* Build configuration list for PBXNativeTarget "GoPassTests" */;
			buildPhases = (
				8B8941602C3D057000AF168E /* Sources */,
				8B8941612C3D057000AF168E /* Frameworks */,
				8B8941622C3D057000AF168E /* Resources */,
			);
			buildRules = (
			);
			dependencies = (
				8B8941662C3D057000AF168E /* PBXTargetDependency */,
			);
			name = GoPassTests;
			productName = GoPassTests;
			productReference = 8B8941642C3D057000AF168E /* GoPassTests.xctest */;
			productType = "com.apple.product-type.bundle.unit-test";
		};
		8B89416D2C3D057000AF168E /* GoPassUITests */ = {
			isa = PBXNativeTarget;
			buildConfigurationList = 8B89417E2C3D057000AF168E /* Build configuration list for PBXNativeTarget "GoPassUITests" */;
			buildPhases = (
				8B89416A2C3D057000AF168E /* Sources */,
				8B89416B2C3D057000AF168E /* Frameworks */,
				8B89416C2C3D057000AF168E /* Resources */,
			);
			buildRules = (
			);
			dependencies = (
				8B8941702C3D057000AF168E /* PBXTargetDependency */,
			);
			name = GoPassUITests;
			productName = GoPassUITests;
			productReference = 8B89416E2C3D057000AF168E /* GoPassUITests.xctest */;
			productType = "com.apple.product-type.bundle.ui-testing";
		};
/* End PBXNativeTarget section */

/* Begin PBXProject section */
		8B89414C2C3D056E00AF168E /* Project object */ = {
			isa = PBXProject;
			attributes = {
				BuildIndependentTargetsInParallel = 1;
				LastSwiftUpdateCheck = 1340;
				LastUpgradeCheck = 1340;
				TargetAttributes = {
					8B8941532C3D056E00AF168E = {
						CreatedOnToolsVersion = 13.4.1;
					};
					8B8941632C3D057000AF168E = {
						CreatedOnToolsVersion = 13.4.1;
						TestTargetID = 8B8941532C3D056E00AF168E;
					};
					8B89416D2C3D057000AF168E = {
						CreatedOnToolsVersion = 13.4.1;
						TestTargetID = 8B8941532C3D056E00AF168E;
					};
				};
			};
			buildConfigurationList = 8B89414F2C3D056E00AF168E /* Build configuration list for PBXProject "GoPass" */;
			compatibilityVersion = "Xcode 13.0";
			developmentRegion = en;
			hasScannedForEncodings = 0;
			knownRegions = (
				en,
				Base,
			);
			mainGroup = 8B89414B2C3D056E00AF168E;
			productRefGroup = 8B8941552C3D056E00AF168E /* Products */;
			projectDirPath = "";
			projectRoot = "";
			targets = (
				8B8941532C3D056E00AF168E /* GoPass */,
				8B8941632C3D057000AF168E /* GoPassTests */,
				8B89416D2C3D057000AF168E /* GoPassUITests */,
			);
		};
/* End PBXProject section */

/* Begin PBXResourcesBuildPhase section */
		8B8941522C3D056E00AF168E /* Resources */ = {
			isa = PBXResourcesBuildPhase;
			buildActionMask = 2147483647;
			files = (
				8B89415F2C3D057000AF168E /* Preview Assets.xcassets in Resources */,
				8B89415C2C3D057000AF168E /* Assets.xcassets in Resources */,
			);
			runOnlyForDeploymentPostprocessing = 0;
		};
		8B8941622C3D057000AF168E /* Resources */ = {
			isa = PBXResourcesBuildPhase;
			buildActionMask = 2147483647;
			files = (
			);
			runOnlyForDeploymentPostprocessing = 0;
		};
		8B89416C2C3D057000AF168E /* Resources */ = {
			isa = PBXResourcesBuildPhase;
			buildActionMask = 2147483647;
			files = (
			);
			runOnlyForDeploymentPostprocessing = 0;
		};
/* End PBXResourcesBuildPhase section */

/* Begin PBXSourcesBuildPhase section */
		8B8941502C3D056E00AF168E /* Sources */ = {
			isa = PBXSourcesBuildPhase;
			buildActionMask = 2147483647;
			files = (
				8B73F2202C3FF88900E09309 /* EventsView.swift in Sources */,
				8B801AE92C4530FD001D0E5F /* PlanMapView.swift in Sources */,
				8BAE9B4E2C47AEE2000D101B /* CustomTabBarController.swift in Sources */,
				8B16D9C32C413C2000CD7E39 /* BuyView.swift in Sources */,
				8BAE9B4A2C457910000D101B /* HomeTabView.swift in Sources */,
				8BAE9B4C2C47ABA4000D101B /* CustomTabView.swift in Sources */,
				8B8941842C3D21FA00AF168E /* TicketsTabView.swift in Sources */,
				8B89418C2C3D377B00AF168E /* UpcomingEventView.swift in Sources */,
				8B8941862C3D22C900AF168E /* UnusedTicketCardView.swift in Sources */,
				ADCC34182C3E7FA500F2E425 /* NearestView.swift in Sources */,
				8B8941882C3D239600AF168E /* TabButtonView.swift in Sources */,
				8B89415A2C3D056E00AF168E /* ContentView.swift in Sources */,
				ADCC341A2C3E7FB700F2E425 /* FooterView.swift in Sources */,
				ADCC34162C3E7F6500F2E425 /* ReportView.swift in Sources */,
				8B801AEF2C453323001D0E5F /* WalletView.swift in Sources */,
				8B8941822C3D05D700AF168E /* HeaderView.swift in Sources */,
				8B8941582C3D056E00AF168E /* GoPassApp.swift in Sources */,
				8B89418A2C3D346900AF168E /* SuggestedTicketCardView.swift in Sources */,
				8B801AED2C453164001D0E5F /* HomePageView.swift in Sources */,
				8B73F21E2C3FF87600E09309 /* PlanView.swift in Sources */,
			);
			runOnlyForDeploymentPostprocessing = 0;
		};
		8B8941602C3D057000AF168E /* Sources */ = {
			isa = PBXSourcesBuildPhase;
			buildActionMask = 2147483647;
			files = (
				8B8941692C3D057000AF168E /* GoPassTests.swift in Sources */,
			);
			runOnlyForDeploymentPostprocessing = 0;
		};
		8B89416A2C3D057000AF168E /* Sources */ = {
			isa = PBXSourcesBuildPhase;
			buildActionMask = 2147483647;
			files = (
				8B8941732C3D057000AF168E /* GoPassUITests.swift in Sources */,
				8B8941752C3D057000AF168E /* GoPassUITestsLaunchTests.swift in Sources */,
			);
			runOnlyForDeploymentPostprocessing = 0;
		};
/* End PBXSourcesBuildPhase section */

/* Begin PBXTargetDependency section */
		8B8941662C3D057000AF168E /* PBXTargetDependency */ = {
			isa = PBXTargetDependency;
			target = 8B8941532C3D056E00AF168E /* GoPass */;
			targetProxy = 8B8941652C3D057000AF168E /* PBXContainerItemProxy */;
		};
		8B8941702C3D057000AF168E /* PBXTargetDependency */ = {
			isa = PBXTargetDependency;
			target = 8B8941532C3D056E00AF168E /* GoPass */;
			targetProxy = 8B89416F2C3D057000AF168E /* PBXContainerItemProxy */;
		};
/* End PBXTargetDependency section */

/* Begin XCBuildConfiguration section */
		8B8941762C3D057000AF168E /* Debug */ = {
			isa = XCBuildConfiguration;
			buildSettings = {
				ALWAYS_SEARCH_USER_PATHS = NO;
				CLANG_ANALYZER_NONNULL = YES;
				CLANG_ANALYZER_NUMBER_OBJECT_CONVERSION = YES_AGGRESSIVE;
				CLANG_CXX_LANGUAGE_STANDARD = "gnu++17";
				CLANG_ENABLE_MODULES = YES;
				CLANG_ENABLE_OBJC_ARC = YES;
				CLANG_ENABLE_OBJC_WEAK = YES;
				CLANG_WARN_BLOCK_CAPTURE_AUTORELEASING = YES;
				CLANG_WARN_BOOL_CONVERSION = YES;
				CLANG_WARN_COMMA = YES;
				CLANG_WARN_CONSTANT_CONVERSION = YES;
				CLANG_WARN_DEPRECATED_OBJC_IMPLEMENTATIONS = YES;
				CLANG_WARN_DIRECT_OBJC_ISA_USAGE = YES_ERROR;
				CLANG_WARN_DOCUMENTATION_COMMENTS = YES;
				CLANG_WARN_EMPTY_BODY = YES;
				CLANG_WARN_ENUM_CONVERSION = YES;
				CLANG_WARN_INFINITE_RECURSION = YES;
				CLANG_WARN_INT_CONVERSION = YES;
				CLANG_WARN_NON_LITERAL_NULL_CONVERSION = YES;
				CLANG_WARN_OBJC_IMPLICIT_RETAIN_SELF = YES;
				CLANG_WARN_OBJC_LITERAL_CONVERSION = YES;
				CLANG_WARN_OBJC_ROOT_CLASS = YES_ERROR;
				CLANG_WARN_QUOTED_INCLUDE_IN_FRAMEWORK_HEADER = YES;
				CLANG_WARN_RANGE_LOOP_ANALYSIS = YES;
				CLANG_WARN_STRICT_PROTOTYPES = YES;
				CLANG_WARN_SUSPICIOUS_MOVE = YES;
				CLANG_WARN_UNGUARDED_AVAILABILITY = YES_AGGRESSIVE;
				CLANG_WARN_UNREACHABLE_CODE = YES;
				CLANG_WARN__DUPLICATE_METHOD_MATCH = YES;
				COPY_PHASE_STRIP = NO;
				DEBUG_INFORMATION_FORMAT = dwarf;
				ENABLE_STRICT_OBJC_MSGSEND = YES;
				ENABLE_TESTABILITY = YES;
				GCC_C_LANGUAGE_STANDARD = gnu11;
				GCC_DYNAMIC_NO_PIC = NO;
				GCC_NO_COMMON_BLOCKS = YES;
				GCC_OPTIMIZATION_LEVEL = 0;
				GCC_PREPROCESSOR_DEFINITIONS = (
					"DEBUG=1",
					"$(inherited)",
				);
				GCC_WARN_64_TO_32_BIT_CONVERSION = YES;
				GCC_WARN_ABOUT_RETURN_TYPE = YES_ERROR;
				GCC_WARN_UNDECLARED_SELECTOR = YES;
				GCC_WARN_UNINITIALIZED_AUTOS = YES_AGGRESSIVE;
				GCC_WARN_UNUSED_FUNCTION = YES;
				GCC_WARN_UNUSED_VARIABLE = YES;
				IPHONEOS_DEPLOYMENT_TARGET = 15.5;
				MTL_ENABLE_DEBUG_INFO = INCLUDE_SOURCE;
				MTL_FAST_MATH = YES;
				ONLY_ACTIVE_ARCH = YES;
				SDKROOT = iphoneos;
				SWIFT_ACTIVE_COMPILATION_CONDITIONS = DEBUG;
				SWIFT_OPTIMIZATION_LEVEL = "-Onone";
			};
			name = Debug;
		};
		8B8941772C3D057000AF168E /* Release */ = {
			isa = XCBuildConfiguration;
			buildSettings = {
				ALWAYS_SEARCH_USER_PATHS = NO;
				CLANG_ANALYZER_NONNULL = YES;
				CLANG_ANALYZER_NUMBER_OBJECT_CONVERSION = YES_AGGRESSIVE;
				CLANG_CXX_LANGUAGE_STANDARD = "gnu++17";
				CLANG_ENABLE_MODULES = YES;
				CLANG_ENABLE_OBJC_ARC = YES;
				CLANG_ENABLE_OBJC_WEAK = YES;
				CLANG_WARN_BLOCK_CAPTURE_AUTORELEASING = YES;
				CLANG_WARN_BOOL_CONVERSION = YES;
				CLANG_WARN_COMMA = YES;
				CLANG_WARN_CONSTANT_CONVERSION = YES;
				CLANG_WARN_DEPRECATED_OBJC_IMPLEMENTATIONS = YES;
				CLANG_WARN_DIRECT_OBJC_ISA_USAGE = YES_ERROR;
				CLANG_WARN_DOCUMENTATION_COMMENTS = YES;
				CLANG_WARN_EMPTY_BODY = YES;
				CLANG_WARN_ENUM_CONVERSION = YES;
				CLANG_WARN_INFINITE_RECURSION = YES;
				CLANG_WARN_INT_CONVERSION = YES;
				CLANG_WARN_NON_LITERAL_NULL_CONVERSION = YES;
				CLANG_WARN_OBJC_IMPLICIT_RETAIN_SELF = YES;
				CLANG_WARN_OBJC_LITERAL_CONVERSION = YES;
				CLANG_WARN_OBJC_ROOT_CLASS = YES_ERROR;
				CLANG_WARN_QUOTED_INCLUDE_IN_FRAMEWORK_HEADER = YES;
				CLANG_WARN_RANGE_LOOP_ANALYSIS = YES;
				CLANG_WARN_STRICT_PROTOTYPES = YES;
				CLANG_WARN_SUSPICIOUS_MOVE = YES;
				CLANG_WARN_UNGUARDED_AVAILABILITY = YES_AGGRESSIVE;
				CLANG_WARN_UNREACHABLE_CODE = YES;
				CLANG_WARN__DUPLICATE_METHOD_MATCH = YES;
				COPY_PHASE_STRIP = NO;
				DEBUG_INFORMATION_FORMAT = "dwarf-with-dsym";
				ENABLE_NS_ASSERTIONS = NO;
				ENABLE_STRICT_OBJC_MSGSEND = YES;
				GCC_C_LANGUAGE_STANDARD = gnu11;
				GCC_NO_COMMON_BLOCKS = YES;
				GCC_WARN_64_TO_32_BIT_CONVERSION = YES;
				GCC_WARN_ABOUT_RETURN_TYPE = YES_ERROR;
				GCC_WARN_UNDECLARED_SELECTOR = YES;
				GCC_WARN_UNINITIALIZED_AUTOS = YES_AGGRESSIVE;
				GCC_WARN_UNUSED_FUNCTION = YES;
				GCC_WARN_UNUSED_VARIABLE = YES;
				IPHONEOS_DEPLOYMENT_TARGET = 15.5;
				MTL_ENABLE_DEBUG_INFO = NO;
				MTL_FAST_MATH = YES;
				SDKROOT = iphoneos;
				SWIFT_COMPILATION_MODE = wholemodule;
				SWIFT_OPTIMIZATION_LEVEL = "-O";
				VALIDATE_PRODUCT = YES;
			};
			name = Release;
		};
		8B8941792C3D057000AF168E /* Debug */ = {
			isa = XCBuildConfiguration;
			buildSettings = {
				ASSETCATALOG_COMPILER_APPICON_NAME = AppIcon;
				ASSETCATALOG_COMPILER_GLOBAL_ACCENT_COLOR_NAME = AccentColor;
				CODE_SIGN_STYLE = Automatic;
				CURRENT_PROJECT_VERSION = 1;
				DEVELOPMENT_ASSET_PATHS = "\"GoPass/Preview Content\"";
				ENABLE_PREVIEWS = YES;
				GENERATE_INFOPLIST_FILE = YES;
				INFOPLIST_KEY_UIApplicationSceneManifest_Generation = YES;
				INFOPLIST_KEY_UIApplicationSupportsIndirectInputEvents = YES;
				INFOPLIST_KEY_UILaunchScreen_Generation = YES;
				INFOPLIST_KEY_UISupportedInterfaceOrientations_iPad = "UIInterfaceOrientationPortrait UIInterfaceOrientationPortraitUpsideDown UIInterfaceOrientationLandscapeLeft UIInterfaceOrientationLandscapeRight";
				INFOPLIST_KEY_UISupportedInterfaceOrientations_iPhone = "UIInterfaceOrientationPortrait UIInterfaceOrientationLandscapeLeft UIInterfaceOrientationLandscapeRight";
				LD_RUNPATH_SEARCH_PATHS = (
					"$(inherited)",
					"@executable_path/Frameworks",
				);
				MARKETING_VERSION = 1.0;
				PRODUCT_BUNDLE_IDENTIFIER = demo.GoPass;
				PRODUCT_NAME = "$(TARGET_NAME)";
				SWIFT_EMIT_LOC_STRINGS = YES;
				SWIFT_VERSION = 5.0;
				TARGETED_DEVICE_FAMILY = "1,2";
			};
			name = Debug;
		};
		8B89417A2C3D057000AF168E /* Release */ = {
			isa = XCBuildConfiguration;
			buildSettings = {
				ASSETCATALOG_COMPILER_APPICON_NAME = AppIcon;
				ASSETCATALOG_COMPILER_GLOBAL_ACCENT_COLOR_NAME = AccentColor;
				CODE_SIGN_STYLE = Automatic;
				CURRENT_PROJECT_VERSION = 1;
				DEVELOPMENT_ASSET_PATHS = "\"GoPass/Preview Content\"";
				ENABLE_PREVIEWS = YES;
				GENERATE_INFOPLIST_FILE = YES;
				INFOPLIST_KEY_UIApplicationSceneManifest_Generation = YES;
				INFOPLIST_KEY_UIApplicationSupportsIndirectInputEvents = YES;
				INFOPLIST_KEY_UILaunchScreen_Generation = YES;
				INFOPLIST_KEY_UISupportedInterfaceOrientations_iPad = "UIInterfaceOrientationPortrait UIInterfaceOrientationPortraitUpsideDown UIInterfaceOrientationLandscapeLeft UIInterfaceOrientationLandscapeRight";
				INFOPLIST_KEY_UISupportedInterfaceOrientations_iPhone = "UIInterfaceOrientationPortrait UIInterfaceOrientationLandscapeLeft UIInterfaceOrientationLandscapeRight";
				LD_RUNPATH_SEARCH_PATHS = (
					"$(inherited)",
					"@executable_path/Frameworks",
				);
				MARKETING_VERSION = 1.0;
				PRODUCT_BUNDLE_IDENTIFIER = demo.GoPass;
				PRODUCT_NAME = "$(TARGET_NAME)";
				SWIFT_EMIT_LOC_STRINGS = YES;
				SWIFT_VERSION = 5.0;
				TARGETED_DEVICE_FAMILY = "1,2";
			};
			name = Release;
		};
		8B89417C2C3D057000AF168E /* Debug */ = {
			isa = XCBuildConfiguration;
			buildSettings = {
				ALWAYS_EMBED_SWIFT_STANDARD_LIBRARIES = YES;
				BUNDLE_LOADER = "$(TEST_HOST)";
				CODE_SIGN_STYLE = Automatic;
				CURRENT_PROJECT_VERSION = 1;
				GENERATE_INFOPLIST_FILE = YES;
				IPHONEOS_DEPLOYMENT_TARGET = 15.5;
				MARKETING_VERSION = 1.0;
				PRODUCT_BUNDLE_IDENTIFIER = demo.GoPassTests;
				PRODUCT_NAME = "$(TARGET_NAME)";
				SWIFT_EMIT_LOC_STRINGS = NO;
				SWIFT_VERSION = 5.0;
				TARGETED_DEVICE_FAMILY = "1,2";
				TEST_HOST = "$(BUILT_PRODUCTS_DIR)/GoPass.app/GoPass";
			};
			name = Debug;
		};
		8B89417D2C3D057000AF168E /* Release */ = {
			isa = XCBuildConfiguration;
			buildSettings = {
				ALWAYS_EMBED_SWIFT_STANDARD_LIBRARIES = YES;
				BUNDLE_LOADER = "$(TEST_HOST)";
				CODE_SIGN_STYLE = Automatic;
				CURRENT_PROJECT_VERSION = 1;
				GENERATE_INFOPLIST_FILE = YES;
				IPHONEOS_DEPLOYMENT_TARGET = 15.5;
				MARKETING_VERSION = 1.0;
				PRODUCT_BUNDLE_IDENTIFIER = demo.GoPassTests;
				PRODUCT_NAME = "$(TARGET_NAME)";
				SWIFT_EMIT_LOC_STRINGS = NO;
				SWIFT_VERSION = 5.0;
				TARGETED_DEVICE_FAMILY = "1,2";
				TEST_HOST = "$(BUILT_PRODUCTS_DIR)/GoPass.app/GoPass";
			};
			name = Release;
		};
		8B89417F2C3D057000AF168E /* Debug */ = {
			isa = XCBuildConfiguration;
			buildSettings = {
				ALWAYS_EMBED_SWIFT_STANDARD_LIBRARIES = YES;
				CODE_SIGN_STYLE = Automatic;
				CURRENT_PROJECT_VERSION = 1;
				GENERATE_INFOPLIST_FILE = YES;
				MARKETING_VERSION = 1.0;
				PRODUCT_BUNDLE_IDENTIFIER = demo.GoPassUITests;
				PRODUCT_NAME = "$(TARGET_NAME)";
				SWIFT_EMIT_LOC_STRINGS = NO;
				SWIFT_VERSION = 5.0;
				TARGETED_DEVICE_FAMILY = "1,2";
				TEST_TARGET_NAME = GoPass;
			};
			name = Debug;
		};
		8B8941802C3D057000AF168E /* Release */ = {
			isa = XCBuildConfiguration;
			buildSettings = {
				ALWAYS_EMBED_SWIFT_STANDARD_LIBRARIES = YES;
				CODE_SIGN_STYLE = Automatic;
				CURRENT_PROJECT_VERSION = 1;
				GENERATE_INFOPLIST_FILE = YES;
				MARKETING_VERSION = 1.0;
				PRODUCT_BUNDLE_IDENTIFIER = demo.GoPassUITests;
				PRODUCT_NAME = "$(TARGET_NAME)";
				SWIFT_EMIT_LOC_STRINGS = NO;
				SWIFT_VERSION = 5.0;
				TARGETED_DEVICE_FAMILY = "1,2";
				TEST_TARGET_NAME = GoPass;
			};
			name = Release;
		};
/* End XCBuildConfiguration section */

/* Begin XCConfigurationList section */
		8B89414F2C3D056E00AF168E /* Build configuration list for PBXProject "GoPass" */ = {
			isa = XCConfigurationList;
			buildConfigurations = (
				8B8941762C3D057000AF168E /* Debug */,
				8B8941772C3D057000AF168E /* Release */,
			);
			defaultConfigurationIsVisible = 0;
			defaultConfigurationName = Release;
		};
		8B8941782C3D057000AF168E /* Build configuration list for PBXNativeTarget "GoPass" */ = {
			isa = XCConfigurationList;
			buildConfigurations = (
				8B8941792C3D057000AF168E /* Debug */,
				8B89417A2C3D057000AF168E /* Release */,
			);
			defaultConfigurationIsVisible = 0;
			defaultConfigurationName = Release;
		};
		8B89417B2C3D057000AF168E /* Build configuration list for PBXNativeTarget "GoPassTests" */ = {
			isa = XCConfigurationList;
			buildConfigurations = (
				8B89417C2C3D057000AF168E /* Debug */,
				8B89417D2C3D057000AF168E /* Release */,
			);
			defaultConfigurationIsVisible = 0;
			defaultConfigurationName = Release;
		};
		8B89417E2C3D057000AF168E /* Build configuration list for PBXNativeTarget "GoPassUITests" */ = {
			isa = XCConfigurationList;
			buildConfigurations = (
				8B89417F2C3D057000AF168E /* Debug */,
				8B8941802C3D057000AF168E /* Release */,
			);
			defaultConfigurationIsVisible = 0;
			defaultConfigurationName = Release;
		};
/* End XCConfigurationList section */
	};
	rootObject = 8B89414C2C3D056E00AF168E /* Project object */;
}
